// !$*UTF8*$!
{
	archiveVersion = 1;
	classes = {
	};
	objectVersion = 50;
	objects = {

/* Begin PBXBuildFile section */
		1A066F162474FAAA0096F5D3 /* Project.swift in Sources */ = {isa = PBXBuildFile; fileRef = 1A066F152474FAAA0096F5D3 /* Project.swift */; };
		1A280D512480052F0091DF4A /* Event.swift in Sources */ = {isa = PBXBuildFile; fileRef = 1A280D502480052F0091DF4A /* Event.swift */; };
		1A38AA39247AF81700DD4572 /* Errors.swift in Sources */ = {isa = PBXBuildFile; fileRef = 1A38AA38247AF81700DD4572 /* Errors.swift */; };
		1A4BBF00247909FB002D1AB1 /* ServerSentEvents.swift in Sources */ = {isa = PBXBuildFile; fileRef = 1A4BBEFF247909FB002D1AB1 /* ServerSentEvents.swift */; };
		1A4BBF0624791DFA002D1AB1 /* DTLog.swift in Sources */ = {isa = PBXBuildFile; fileRef = 1A4BBF0524791DFA002D1AB1 /* DTLog.swift */; };
		1A4BBF08247939C4002D1AB1 /* NetworkTypes.swift in Sources */ = {isa = PBXBuildFile; fileRef = 1A4BBF07247939C4002D1AB1 /* NetworkTypes.swift */; };
		1A4BBF0A247939EB002D1AB1 /* Requests.swift in Sources */ = {isa = PBXBuildFile; fileRef = 1A4BBF09247939EB002D1AB1 /* Requests.swift */; };
		1A4BBF0C247A5A6C002D1AB1 /* Utils.swift in Sources */ = {isa = PBXBuildFile; fileRef = 1A4BBF0B247A5A6C002D1AB1 /* Utils.swift */; };
		1A65F8EF2473252A00948743 /* Disruptive.swift in Sources */ = {isa = PBXBuildFile; fileRef = 1A65F8EE2473252A00948743 /* Disruptive.swift */; };
		1A65F8F12473361C00948743 /* Organization.swift in Sources */ = {isa = PBXBuildFile; fileRef = 1A65F8F02473361C00948743 /* Organization.swift */; };
		1A6A773124823E7F00D5419E /* Diagnostics.swift in Sources */ = {isa = PBXBuildFile; fileRef = 1A6A773024823E7F00D5419E /* Diagnostics.swift */; };
		1A6B336124AE3EA000EAEC97 /* RetryScheme.swift in Sources */ = {isa = PBXBuildFile; fileRef = 1A6B336024AE3EA000EAEC97 /* RetryScheme.swift */; };
		1A9149752471293C00CF45B7 /* DisruptiveAPI.framework in Frameworks */ = {isa = PBXBuildFile; fileRef = 1A91496B2471293C00CF45B7 /* DisruptiveAPI.framework */; };
		1A91497A2471293C00CF45B7 /* DisruptiveAPITests.swift in Sources */ = {isa = PBXBuildFile; fileRef = 1A9149792471293C00CF45B7 /* DisruptiveAPITests.swift */; };
		1A91497C2471293C00CF45B7 /* DisruptiveAPI.h in Headers */ = {isa = PBXBuildFile; fileRef = 1A91496E2471293C00CF45B7 /* DisruptiveAPI.h */; settings = {ATTRIBUTES = (Public, ); }; };
		1A9DFB07249FC88C00B7739D /* Permissions.swift in Sources */ = {isa = PBXBuildFile; fileRef = 1A9DFB06249FC88C00B7739D /* Permissions.swift */; };
		1AAEF38624852B7400E4D0E5 /* Stream.swift in Sources */ = {isa = PBXBuildFile; fileRef = 1AAEF38524852B7400E4D0E5 /* Stream.swift */; };
		1AC6FC5E247F15740034BEEB /* EventTypes.swift in Sources */ = {isa = PBXBuildFile; fileRef = 1AC6FC5D247F15740034BEEB /* EventTypes.swift */; };
		1AC7BF132477250000BC22C7 /* Device.swift in Sources */ = {isa = PBXBuildFile; fileRef = 1AC7BF122477250000BC22C7 /* Device.swift */; };
/* End PBXBuildFile section */

/* Begin PBXContainerItemProxy section */
		1A9149762471293C00CF45B7 /* PBXContainerItemProxy */ = {
			isa = PBXContainerItemProxy;
			containerPortal = 1A9149622471293C00CF45B7 /* Project object */;
			proxyType = 1;
			remoteGlobalIDString = 1A91496A2471293C00CF45B7;
			remoteInfo = DisruptiveAPI;
		};
/* End PBXContainerItemProxy section */

/* Begin PBXFileReference section */
		1A066F152474FAAA0096F5D3 /* Project.swift */ = {isa = PBXFileReference; lastKnownFileType = sourcecode.swift; path = Project.swift; sourceTree = "<group>"; };
		1A280D502480052F0091DF4A /* Event.swift */ = {isa = PBXFileReference; lastKnownFileType = sourcecode.swift; path = Event.swift; sourceTree = "<group>"; };
		1A38AA38247AF81700DD4572 /* Errors.swift */ = {isa = PBXFileReference; lastKnownFileType = sourcecode.swift; path = Errors.swift; sourceTree = "<group>"; };
		1A4BBEFF247909FB002D1AB1 /* ServerSentEvents.swift */ = {isa = PBXFileReference; lastKnownFileType = sourcecode.swift; path = ServerSentEvents.swift; sourceTree = "<group>"; };
		1A4BBF0524791DFA002D1AB1 /* DTLog.swift */ = {isa = PBXFileReference; lastKnownFileType = sourcecode.swift; path = DTLog.swift; sourceTree = "<group>"; };
		1A4BBF07247939C4002D1AB1 /* NetworkTypes.swift */ = {isa = PBXFileReference; lastKnownFileType = sourcecode.swift; path = NetworkTypes.swift; sourceTree = "<group>"; };
		1A4BBF09247939EB002D1AB1 /* Requests.swift */ = {isa = PBXFileReference; lastKnownFileType = sourcecode.swift; path = Requests.swift; sourceTree = "<group>"; };
		1A4BBF0B247A5A6C002D1AB1 /* Utils.swift */ = {isa = PBXFileReference; lastKnownFileType = sourcecode.swift; path = Utils.swift; sourceTree = "<group>"; };
		1A65F8EE2473252A00948743 /* Disruptive.swift */ = {isa = PBXFileReference; lastKnownFileType = sourcecode.swift; path = Disruptive.swift; sourceTree = "<group>"; };
		1A65F8F02473361C00948743 /* Organization.swift */ = {isa = PBXFileReference; lastKnownFileType = sourcecode.swift; path = Organization.swift; sourceTree = "<group>"; };
		1A6A773024823E7F00D5419E /* Diagnostics.swift */ = {isa = PBXFileReference; lastKnownFileType = sourcecode.swift; path = Diagnostics.swift; sourceTree = "<group>"; };
		1A6B336024AE3EA000EAEC97 /* RetryScheme.swift */ = {isa = PBXFileReference; lastKnownFileType = sourcecode.swift; path = RetryScheme.swift; sourceTree = "<group>"; };
		1A91496B2471293C00CF45B7 /* DisruptiveAPI.framework */ = {isa = PBXFileReference; explicitFileType = wrapper.framework; includeInIndex = 0; path = DisruptiveAPI.framework; sourceTree = BUILT_PRODUCTS_DIR; };
		1A91496E2471293C00CF45B7 /* DisruptiveAPI.h */ = {isa = PBXFileReference; lastKnownFileType = sourcecode.c.h; path = DisruptiveAPI.h; sourceTree = "<group>"; };
		1A91496F2471293C00CF45B7 /* Info.plist */ = {isa = PBXFileReference; lastKnownFileType = text.plist.xml; path = Info.plist; sourceTree = "<group>"; };
		1A9149742471293C00CF45B7 /* DisruptiveAPITests.xctest */ = {isa = PBXFileReference; explicitFileType = wrapper.cfbundle; includeInIndex = 0; path = DisruptiveAPITests.xctest; sourceTree = BUILT_PRODUCTS_DIR; };
		1A9149792471293C00CF45B7 /* DisruptiveAPITests.swift */ = {isa = PBXFileReference; lastKnownFileType = sourcecode.swift; path = DisruptiveAPITests.swift; sourceTree = "<group>"; };
		1A91497B2471293C00CF45B7 /* Info.plist */ = {isa = PBXFileReference; lastKnownFileType = text.plist.xml; path = Info.plist; sourceTree = "<group>"; };
		1A9DFB06249FC88C00B7739D /* Permissions.swift */ = {isa = PBXFileReference; lastKnownFileType = sourcecode.swift; path = Permissions.swift; sourceTree = "<group>"; };
		1AAEF38524852B7400E4D0E5 /* Stream.swift */ = {isa = PBXFileReference; lastKnownFileType = sourcecode.swift; path = Stream.swift; sourceTree = "<group>"; };
		1AC6FC5D247F15740034BEEB /* EventTypes.swift */ = {isa = PBXFileReference; lastKnownFileType = sourcecode.swift; path = EventTypes.swift; sourceTree = "<group>"; };
		1AC7BF122477250000BC22C7 /* Device.swift */ = {isa = PBXFileReference; lastKnownFileType = sourcecode.swift; path = Device.swift; sourceTree = "<group>"; };
/* End PBXFileReference section */

/* Begin PBXFrameworksBuildPhase section */
		1A9149682471293C00CF45B7 /* Frameworks */ = {
			isa = PBXFrameworksBuildPhase;
			buildActionMask = 2147483647;
			files = (
			);
			runOnlyForDeploymentPostprocessing = 0;
		};
		1A9149712471293C00CF45B7 /* Frameworks */ = {
			isa = PBXFrameworksBuildPhase;
			buildActionMask = 2147483647;
			files = (
				1A9149752471293C00CF45B7 /* DisruptiveAPI.framework in Frameworks */,
			);
			runOnlyForDeploymentPostprocessing = 0;
		};
/* End PBXFrameworksBuildPhase section */

/* Begin PBXGroup section */
		1A38AA37247AF80600DD4572 /* Helpers */ = {
			isa = PBXGroup;
			children = (
				1A6B336024AE3EA000EAEC97 /* RetryScheme.swift */,
				1AC6FC5D247F15740034BEEB /* EventTypes.swift */,
				1A6A773024823E7F00D5419E /* Diagnostics.swift */,
				1A4BBF07247939C4002D1AB1 /* NetworkTypes.swift */,
				1A38AA38247AF81700DD4572 /* Errors.swift */,
				1A4BBEFF247909FB002D1AB1 /* ServerSentEvents.swift */,
				1A4BBF09247939EB002D1AB1 /* Requests.swift */,
			);
			path = Helpers;
			sourceTree = "<group>";
		};
		1A4BBF03247919D4002D1AB1 /* Utilities */ = {
			isa = PBXGroup;
			children = (
				1A4BBF0524791DFA002D1AB1 /* DTLog.swift */,
				1A4BBF0B247A5A6C002D1AB1 /* Utils.swift */,
			);
			path = Utilities;
			sourceTree = "<group>";
		};
		1A4BBF04247919DB002D1AB1 /* API */ = {
			isa = PBXGroup;
			children = (
				1A65F8F02473361C00948743 /* Organization.swift */,
				1A066F152474FAAA0096F5D3 /* Project.swift */,
				1AC7BF122477250000BC22C7 /* Device.swift */,
				1AAEF38524852B7400E4D0E5 /* Stream.swift */,
				1A280D502480052F0091DF4A /* Event.swift */,
				1A9DFB06249FC88C00B7739D /* Permissions.swift */,
				1A38AA37247AF80600DD4572 /* Helpers */,
			);
			path = API;
			sourceTree = "<group>";
		};
		1A9149612471293C00CF45B7 = {
			isa = PBXGroup;
			children = (
				1A91496D2471293C00CF45B7 /* DisruptiveAPI */,
				1A9149782471293C00CF45B7 /* DisruptiveAPITests */,
				1A91496C2471293C00CF45B7 /* Products */,
			);
			sourceTree = "<group>";
		};
		1A91496C2471293C00CF45B7 /* Products */ = {
			isa = PBXGroup;
			children = (
				1A91496B2471293C00CF45B7 /* DisruptiveAPI.framework */,
				1A9149742471293C00CF45B7 /* DisruptiveAPITests.xctest */,
			);
			name = Products;
			sourceTree = "<group>";
		};
		1A91496D2471293C00CF45B7 /* DisruptiveAPI */ = {
			isa = PBXGroup;
			children = (
				1A91496E2471293C00CF45B7 /* DisruptiveAPI.h */,
				1A65F8EE2473252A00948743 /* Disruptive.swift */,
				1A4BBF04247919DB002D1AB1 /* API */,
				1A4BBF03247919D4002D1AB1 /* Utilities */,
				1A91496F2471293C00CF45B7 /* Info.plist */,
			);
			path = DisruptiveAPI;
			sourceTree = "<group>";
		};
		1A9149782471293C00CF45B7 /* DisruptiveAPITests */ = {
			isa = PBXGroup;
			children = (
				1A9149792471293C00CF45B7 /* DisruptiveAPITests.swift */,
				1A91497B2471293C00CF45B7 /* Info.plist */,
			);
			path = DisruptiveAPITests;
			sourceTree = "<group>";
		};
/* End PBXGroup section */

/* Begin PBXHeadersBuildPhase section */
		1A9149662471293C00CF45B7 /* Headers */ = {
			isa = PBXHeadersBuildPhase;
			buildActionMask = 2147483647;
			files = (
				1A91497C2471293C00CF45B7 /* DisruptiveAPI.h in Headers */,
			);
			runOnlyForDeploymentPostprocessing = 0;
		};
/* End PBXHeadersBuildPhase section */

/* Begin PBXNativeTarget section */
		1A91496A2471293C00CF45B7 /* DisruptiveAPI */ = {
			isa = PBXNativeTarget;
			buildConfigurationList = 1A91497F2471293C00CF45B7 /* Build configuration list for PBXNativeTarget "DisruptiveAPI" */;
			buildPhases = (
				1A9149662471293C00CF45B7 /* Headers */,
				1A9149672471293C00CF45B7 /* Sources */,
				1A9149682471293C00CF45B7 /* Frameworks */,
				1A9149692471293C00CF45B7 /* Resources */,
			);
			buildRules = (
			);
			dependencies = (
			);
			name = DisruptiveAPI;
			productName = DisruptiveAPI;
			productReference = 1A91496B2471293C00CF45B7 /* DisruptiveAPI.framework */;
			productType = "com.apple.product-type.framework";
		};
		1A9149732471293C00CF45B7 /* DisruptiveAPITests */ = {
			isa = PBXNativeTarget;
			buildConfigurationList = 1A9149822471293C00CF45B7 /* Build configuration list for PBXNativeTarget "DisruptiveAPITests" */;
			buildPhases = (
				1A9149702471293C00CF45B7 /* Sources */,
				1A9149712471293C00CF45B7 /* Frameworks */,
				1A9149722471293C00CF45B7 /* Resources */,
			);
			buildRules = (
			);
			dependencies = (
				1A9149772471293C00CF45B7 /* PBXTargetDependency */,
			);
			name = DisruptiveAPITests;
			productName = DisruptiveAPITests;
			productReference = 1A9149742471293C00CF45B7 /* DisruptiveAPITests.xctest */;
			productType = "com.apple.product-type.bundle.unit-test";
		};
/* End PBXNativeTarget section */

/* Begin PBXProject section */
		1A9149622471293C00CF45B7 /* Project object */ = {
			isa = PBXProject;
			attributes = {
				LastSwiftUpdateCheck = 1130;
				LastUpgradeCheck = 1130;
				ORGANIZATIONNAME = "Disruptive Technologies Research AS";
				TargetAttributes = {
					1A91496A2471293C00CF45B7 = {
						CreatedOnToolsVersion = 11.3.1;
						LastSwiftMigration = 1130;
					};
					1A9149732471293C00CF45B7 = {
						CreatedOnToolsVersion = 11.3.1;
					};
				};
			};
			buildConfigurationList = 1A9149652471293C00CF45B7 /* Build configuration list for PBXProject "DisruptiveAPI" */;
			compatibilityVersion = "Xcode 9.3";
			developmentRegion = en;
			hasScannedForEncodings = 0;
			knownRegions = (
				en,
				Base,
			);
			mainGroup = 1A9149612471293C00CF45B7;
			productRefGroup = 1A91496C2471293C00CF45B7 /* Products */;
			projectDirPath = "";
			projectRoot = "";
			targets = (
				1A91496A2471293C00CF45B7 /* DisruptiveAPI */,
				1A9149732471293C00CF45B7 /* DisruptiveAPITests */,
			);
		};
/* End PBXProject section */

/* Begin PBXResourcesBuildPhase section */
		1A9149692471293C00CF45B7 /* Resources */ = {
			isa = PBXResourcesBuildPhase;
			buildActionMask = 2147483647;
			files = (
			);
			runOnlyForDeploymentPostprocessing = 0;
		};
		1A9149722471293C00CF45B7 /* Resources */ = {
			isa = PBXResourcesBuildPhase;
			buildActionMask = 2147483647;
			files = (
			);
			runOnlyForDeploymentPostprocessing = 0;
		};
/* End PBXResourcesBuildPhase section */

/* Begin PBXSourcesBuildPhase section */
		1A9149672471293C00CF45B7 /* Sources */ = {
			isa = PBXSourcesBuildPhase;
			buildActionMask = 2147483647;
			files = (
				1A4BBF0624791DFA002D1AB1 /* DTLog.swift in Sources */,
				1A4BBF00247909FB002D1AB1 /* ServerSentEvents.swift in Sources */,
				1A6A773124823E7F00D5419E /* Diagnostics.swift in Sources */,
				1A65F8EF2473252A00948743 /* Disruptive.swift in Sources */,
				1AAEF38624852B7400E4D0E5 /* Stream.swift in Sources */,
				1A4BBF0A247939EB002D1AB1 /* Requests.swift in Sources */,
				1A280D512480052F0091DF4A /* Event.swift in Sources */,
				1A6B336124AE3EA000EAEC97 /* RetryScheme.swift in Sources */,
				1AC6FC5E247F15740034BEEB /* EventTypes.swift in Sources */,
				1A4BBF08247939C4002D1AB1 /* NetworkTypes.swift in Sources */,
				1A4BBF0C247A5A6C002D1AB1 /* Utils.swift in Sources */,
				1A9DFB07249FC88C00B7739D /* Permissions.swift in Sources */,
				1A65F8F12473361C00948743 /* Organization.swift in Sources */,
				1A38AA39247AF81700DD4572 /* Errors.swift in Sources */,
				1A066F162474FAAA0096F5D3 /* Project.swift in Sources */,
				1AC7BF132477250000BC22C7 /* Device.swift in Sources */,
			);
			runOnlyForDeploymentPostprocessing = 0;
		};
		1A9149702471293C00CF45B7 /* Sources */ = {
			isa = PBXSourcesBuildPhase;
			buildActionMask = 2147483647;
			files = (
				1A91497A2471293C00CF45B7 /* DisruptiveAPITests.swift in Sources */,
			);
			runOnlyForDeploymentPostprocessing = 0;
		};
/* End PBXSourcesBuildPhase section */

/* Begin PBXTargetDependency section */
		1A9149772471293C00CF45B7 /* PBXTargetDependency */ = {
			isa = PBXTargetDependency;
			target = 1A91496A2471293C00CF45B7 /* DisruptiveAPI */;
			targetProxy = 1A9149762471293C00CF45B7 /* PBXContainerItemProxy */;
		};
/* End PBXTargetDependency section */

/* Begin XCBuildConfiguration section */
		1A91497D2471293C00CF45B7 /* Debug */ = {
			isa = XCBuildConfiguration;
			buildSettings = {
				ALWAYS_SEARCH_USER_PATHS = NO;
				CLANG_ANALYZER_NONNULL = YES;
				CLANG_ANALYZER_NUMBER_OBJECT_CONVERSION = YES_AGGRESSIVE;
				CLANG_CXX_LANGUAGE_STANDARD = "gnu++14";
				CLANG_CXX_LIBRARY = "libc++";
				CLANG_ENABLE_MODULES = YES;
				CLANG_ENABLE_OBJC_ARC = YES;
				CLANG_ENABLE_OBJC_WEAK = YES;
				CLANG_WARN_BLOCK_CAPTURE_AUTORELEASING = YES;
				CLANG_WARN_BOOL_CONVERSION = YES;
				CLANG_WARN_COMMA = YES;
				CLANG_WARN_CONSTANT_CONVERSION = YES;
				CLANG_WARN_DEPRECATED_OBJC_IMPLEMENTATIONS = YES;
				CLANG_WARN_DIRECT_OBJC_ISA_USAGE = YES_ERROR;
				CLANG_WARN_DOCUMENTATION_COMMENTS = YES;
				CLANG_WARN_EMPTY_BODY = YES;
				CLANG_WARN_ENUM_CONVERSION = YES;
				CLANG_WARN_INFINITE_RECURSION = YES;
				CLANG_WARN_INT_CONVERSION = YES;
				CLANG_WARN_NON_LITERAL_NULL_CONVERSION = YES;
				CLANG_WARN_OBJC_IMPLICIT_RETAIN_SELF = YES;
				CLANG_WARN_OBJC_LITERAL_CONVERSION = YES;
				CLANG_WARN_OBJC_ROOT_CLASS = YES_ERROR;
				CLANG_WARN_RANGE_LOOP_ANALYSIS = YES;
				CLANG_WARN_STRICT_PROTOTYPES = YES;
				CLANG_WARN_SUSPICIOUS_MOVE = YES;
				CLANG_WARN_UNGUARDED_AVAILABILITY = YES_AGGRESSIVE;
				CLANG_WARN_UNREACHABLE_CODE = YES;
				CLANG_WARN__DUPLICATE_METHOD_MATCH = YES;
				COPY_PHASE_STRIP = NO;
				CURRENT_PROJECT_VERSION = 1;
				DEBUG_INFORMATION_FORMAT = dwarf;
				ENABLE_STRICT_OBJC_MSGSEND = YES;
				ENABLE_TESTABILITY = YES;
				GCC_C_LANGUAGE_STANDARD = gnu11;
				GCC_DYNAMIC_NO_PIC = NO;
				GCC_NO_COMMON_BLOCKS = YES;
				GCC_OPTIMIZATION_LEVEL = 0;
				GCC_PREPROCESSOR_DEFINITIONS = (
					"DEBUG=1",
					"$(inherited)",
				);
				GCC_WARN_64_TO_32_BIT_CONVERSION = YES;
				GCC_WARN_ABOUT_RETURN_TYPE = YES_ERROR;
				GCC_WARN_UNDECLARED_SELECTOR = YES;
				GCC_WARN_UNINITIALIZED_AUTOS = YES_AGGRESSIVE;
				GCC_WARN_UNUSED_FUNCTION = YES;
				GCC_WARN_UNUSED_VARIABLE = YES;
				IPHONEOS_DEPLOYMENT_TARGET = 13.2;
				MTL_ENABLE_DEBUG_INFO = INCLUDE_SOURCE;
				MTL_FAST_MATH = YES;
				ONLY_ACTIVE_ARCH = YES;
				SDKROOT = iphoneos;
				SWIFT_ACTIVE_COMPILATION_CONDITIONS = DEBUG;
				SWIFT_OPTIMIZATION_LEVEL = "-Onone";
				VERSIONING_SYSTEM = "apple-generic";
				VERSION_INFO_PREFIX = "";
			};
			name = Debug;
		};
		1A91497E2471293C00CF45B7 /* Release */ = {
			isa = XCBuildConfiguration;
			buildSettings = {
				ALWAYS_SEARCH_USER_PATHS = NO;
				CLANG_ANALYZER_NONNULL = YES;
				CLANG_ANALYZER_NUMBER_OBJECT_CONVERSION = YES_AGGRESSIVE;
				CLANG_CXX_LANGUAGE_STANDARD = "gnu++14";
				CLANG_CXX_LIBRARY = "libc++";
				CLANG_ENABLE_MODULES = YES;
				CLANG_ENABLE_OBJC_ARC = YES;
				CLANG_ENABLE_OBJC_WEAK = YES;
				CLANG_WARN_BLOCK_CAPTURE_AUTORELEASING = YES;
				CLANG_WARN_BOOL_CONVERSION = YES;
				CLANG_WARN_COMMA = YES;
				CLANG_WARN_CONSTANT_CONVERSION = YES;
				CLANG_WARN_DEPRECATED_OBJC_IMPLEMENTATIONS = YES;
				CLANG_WARN_DIRECT_OBJC_ISA_USAGE = YES_ERROR;
				CLANG_WARN_DOCUMENTATION_COMMENTS = YES;
				CLANG_WARN_EMPTY_BODY = YES;
				CLANG_WARN_ENUM_CONVERSION = YES;
				CLANG_WARN_INFINITE_RECURSION = YES;
				CLANG_WARN_INT_CONVERSION = YES;
				CLANG_WARN_NON_LITERAL_NULL_CONVERSION = YES;
				CLANG_WARN_OBJC_IMPLICIT_RETAIN_SELF = YES;
				CLANG_WARN_OBJC_LITERAL_CONVERSION = YES;
				CLANG_WARN_OBJC_ROOT_CLASS = YES_ERROR;
				CLANG_WARN_RANGE_LOOP_ANALYSIS = YES;
				CLANG_WARN_STRICT_PROTOTYPES = YES;
				CLANG_WARN_SUSPICIOUS_MOVE = YES;
				CLANG_WARN_UNGUARDED_AVAILABILITY = YES_AGGRESSIVE;
				CLANG_WARN_UNREACHABLE_CODE = YES;
				CLANG_WARN__DUPLICATE_METHOD_MATCH = YES;
				COPY_PHASE_STRIP = NO;
				CURRENT_PROJECT_VERSION = 1;
				DEBUG_INFORMATION_FORMAT = "dwarf-with-dsym";
				ENABLE_NS_ASSERTIONS = NO;
				ENABLE_STRICT_OBJC_MSGSEND = YES;
				GCC_C_LANGUAGE_STANDARD = gnu11;
				GCC_NO_COMMON_BLOCKS = YES;
				GCC_WARN_64_TO_32_BIT_CONVERSION = YES;
				GCC_WARN_ABOUT_RETURN_TYPE = YES_ERROR;
				GCC_WARN_UNDECLARED_SELECTOR = YES;
				GCC_WARN_UNINITIALIZED_AUTOS = YES_AGGRESSIVE;
				GCC_WARN_UNUSED_FUNCTION = YES;
				GCC_WARN_UNUSED_VARIABLE = YES;
				IPHONEOS_DEPLOYMENT_TARGET = 13.2;
				MTL_ENABLE_DEBUG_INFO = NO;
				MTL_FAST_MATH = YES;
				SDKROOT = iphoneos;
				SWIFT_COMPILATION_MODE = wholemodule;
				SWIFT_OPTIMIZATION_LEVEL = "-O";
				VALIDATE_PRODUCT = YES;
				VERSIONING_SYSTEM = "apple-generic";
				VERSION_INFO_PREFIX = "";
			};
			name = Release;
		};
		1A9149802471293C00CF45B7 /* Debug */ = {
			isa = XCBuildConfiguration;
			buildSettings = {
				CLANG_ENABLE_MODULES = YES;
				"CODE_SIGN_IDENTITY[sdk=macosx*]" = "Apple Development";
				CODE_SIGN_STYLE = Automatic;
				DEFINES_MODULE = YES;
				DEVELOPMENT_TEAM = GV68R3NBTY;
				DYLIB_COMPATIBILITY_VERSION = 1;
				DYLIB_CURRENT_VERSION = 1;
				DYLIB_INSTALL_NAME_BASE = "@rpath";
				INFOPLIST_FILE = DisruptiveAPI/Info.plist;
				INSTALL_PATH = "$(LOCAL_LIBRARY_DIR)/Frameworks";
				IPHONEOS_DEPLOYMENT_TARGET = 13.0;
				LD_RUNPATH_SEARCH_PATHS = (
					"$(inherited)",
					"@executable_path/Frameworks",
					"@loader_path/Frameworks",
				);
				MARKETING_VERSION = 0.1;
				PRODUCT_BUNDLE_IDENTIFIER = "com.disruptive-technologies.DisruptiveAPI";
				PRODUCT_NAME = "$(TARGET_NAME:c99extidentifier)";
				SKIP_INSTALL = YES;
				SUPPORTS_MACCATALYST = YES;
				SWIFT_OPTIMIZATION_LEVEL = "-Onone";
				SWIFT_VERSION = 5.0;
				TARGETED_DEVICE_FAMILY = "1,2";
			};
			name = Debug;
		};
		1A9149812471293C00CF45B7 /* Release */ = {
			isa = XCBuildConfiguration;
			buildSettings = {
				CLANG_ENABLE_MODULES = YES;
				"CODE_SIGN_IDENTITY[sdk=macosx*]" = "Apple Development";
				CODE_SIGN_STYLE = Automatic;
				DEFINES_MODULE = YES;
				DEVELOPMENT_TEAM = GV68R3NBTY;
				DYLIB_COMPATIBILITY_VERSION = 1;
				DYLIB_CURRENT_VERSION = 1;
				DYLIB_INSTALL_NAME_BASE = "@rpath";
				INFOPLIST_FILE = DisruptiveAPI/Info.plist;
				INSTALL_PATH = "$(LOCAL_LIBRARY_DIR)/Frameworks";
				IPHONEOS_DEPLOYMENT_TARGET = 13.0;
				LD_RUNPATH_SEARCH_PATHS = (
					"$(inherited)",
					"@executable_path/Frameworks",
					"@loader_path/Frameworks",
				);
				MARKETING_VERSION = 0.1;
				PRODUCT_BUNDLE_IDENTIFIER = "com.disruptive-technologies.DisruptiveAPI";
				PRODUCT_NAME = "$(TARGET_NAME:c99extidentifier)";
				SKIP_INSTALL = YES;
				SUPPORTS_MACCATALYST = YES;
				SWIFT_VERSION = 5.0;
				TARGETED_DEVICE_FAMILY = "1,2";
			};
			name = Release;
		};
		1A9149832471293C00CF45B7 /* Debug */ = {
			isa = XCBuildConfiguration;
			buildSettings = {
				ALWAYS_EMBED_SWIFT_STANDARD_LIBRARIES = YES;
				CODE_SIGN_STYLE = Automatic;
				DEVELOPMENT_TEAM = RVT7D5LR65;
				INFOPLIST_FILE = DisruptiveAPITests/Info.plist;
				LD_RUNPATH_SEARCH_PATHS = (
					"$(inherited)",
					"@executable_path/Frameworks",
					"@loader_path/Frameworks",
				);
				PRODUCT_BUNDLE_IDENTIFIER = "com.disruptive-technologies.DisruptiveAPITests";
				PRODUCT_NAME = "$(TARGET_NAME)";
				SWIFT_VERSION = 5.0;
				TARGETED_DEVICE_FAMILY = "1,2";
			};
			name = Debug;
		};
		1A9149842471293C00CF45B7 /* Release */ = {
			isa = XCBuildConfiguration;
			buildSettings = {
				ALWAYS_EMBED_SWIFT_STANDARD_LIBRARIES = YES;
				CODE_SIGN_STYLE = Automatic;
				DEVELOPMENT_TEAM = RVT7D5LR65;
				INFOPLIST_FILE = DisruptiveAPITests/Info.plist;
				LD_RUNPATH_SEARCH_PATHS = (
					"$(inherited)",
					"@executable_path/Frameworks",
					"@loader_path/Frameworks",
				);
				PRODUCT_BUNDLE_IDENTIFIER = "com.disruptive-technologies.DisruptiveAPITests";
				PRODUCT_NAME = "$(TARGET_NAME)";
				SWIFT_VERSION = 5.0;
				TARGETED_DEVICE_FAMILY = "1,2";
			};
			name = Release;
		};
/* End XCBuildConfiguration section */

/* Begin XCConfigurationList section */
		1A9149652471293C00CF45B7 /* Build configuration list for PBXProject "DisruptiveAPI" */ = {
			isa = XCConfigurationList;
			buildConfigurations = (
				1A91497D2471293C00CF45B7 /* Debug */,
				1A91497E2471293C00CF45B7 /* Release */,
			);
			defaultConfigurationIsVisible = 0;
			defaultConfigurationName = Release;
		};
		1A91497F2471293C00CF45B7 /* Build configuration list for PBXNativeTarget "DisruptiveAPI" */ = {
			isa = XCConfigurationList;
			buildConfigurations = (
				1A9149802471293C00CF45B7 /* Debug */,
				1A9149812471293C00CF45B7 /* Release */,
			);
			defaultConfigurationIsVisible = 0;
			defaultConfigurationName = Release;
		};
		1A9149822471293C00CF45B7 /* Build configuration list for PBXNativeTarget "DisruptiveAPITests" */ = {
			isa = XCConfigurationList;
			buildConfigurations = (
				1A9149832471293C00CF45B7 /* Debug */,
				1A9149842471293C00CF45B7 /* Release */,
			);
			defaultConfigurationIsVisible = 0;
			defaultConfigurationName = Release;
		};
/* End XCConfigurationList section */
	};
	rootObject = 1A9149622471293C00CF45B7 /* Project object */;
}
